
Microsoft Visual Studio Solution File, Format Version 12.00
# Visual Studio 15
VisualStudioVersion = 15.0.28010.2026
MinimumVisualStudioVersion = 10.0.40219.1
Project("{8BC9CEB8-8B4A-11D0-8D11-00A0C91BC942}") = "WhatAMess", "WhatAMess\WhatAMess.vcxproj", "{9B5BC19E-C5C9-4B37-A6E7-051DDBA3E167}"
EndProject
Global
	GlobalSection(SolutionConfigurationPlatforms) = preSolution
		Debug|x64 = Debug|x64
		Debug|x86 = Debug|x86
		Release|x64 = Release|x64
		Release|x86 = Release|x86
	EndGlobalSection
	GlobalSection(ProjectConfigurationPlatforms) = postSolution
		{9B5BC19E-C5C9-4B37-A6E7-051DDBA3E167}.Debug|x64.ActiveCfg = Debug|x64
		{9B5BC19E-C5C9-4B37-A6E7-051DDBA3E167}.Debug|x64.Build.0 = Debug|x64
		{9B5BC19E-C5C9-4B37-A6E7-051DDBA3E167}.Debug|x86.ActiveCfg = Debug|Win32
		{9B5BC19E-C5C9-4B37-A6E7-051DDBA3E167}.Debug|x86.Build.0 = Debug|Win32
		{9B5BC19E-C5C9-4B37-A6E7-051DDBA3E167}.Release|x64.ActiveCfg = Release|x64
		{9B5BC19E-C5C9-4B37-A6E7-051DDBA3E167}.Release|x64.Build.0 = Release|x64
		{9B5BC19E-C5C9-4B37-A6E7-051DDBA3E167}.Release|x86.ActiveCfg = Release|Win32
		{9B5BC19E-C5C9-4B37-A6E7-051DDBA3E167}.Release|x86.Build.0 = Release|Win32
	EndGlobalSection
	GlobalSection(SolutionProperties) = preSolution
		HideSolutionNode = FALSE
	EndGlobalSection
	GlobalSection(ExtensibilityGlobals) = postSolution
		SolutionGuid = {26610775-B89B-44B6-A78D-7B42CE8C6413}
	EndGlobalSection
EndGlobal
